
Microsoft Visual Studio Solution File, Format Version 12.00
# Visual Studio 15
VisualStudioVersion = 15.0.28307.572
MinimumVisualStudioVersion = 10.0.40219.1
Project("{FAE04EC0-301F-11D3-BF4B-00C04F79EFBC}") = "Record Objects", "Record Objects\Record Objects.csproj", "{44C8B604-1C4D-443E-B13C-57861B7B74B6}"
EndProject
Global
	GlobalSection(SolutionConfigurationPlatforms) = preSolution
		Debug|Any CPU = Debug|Any CPU
		Release|Any CPU = Release|Any CPU
	EndGlobalSection
	GlobalSection(ProjectConfigurationPlatforms) = postSolution
		{44C8B604-1C4D-443E-B13C-57861B7B74B6}.Debug|Any CPU.ActiveCfg = Debug|Any CPU
		{44C8B604-1C4D-443E-B13C-57861B7B74B6}.Debug|Any CPU.Build.0 = Debug|Any CPU
		{44C8B604-1C4D-443E-B13C-57861B7B74B6}.Release|Any CPU.ActiveCfg = Release|Any CPU
		{44C8B604-1C4D-443E-B13C-57861B7B74B6}.Release|Any CPU.Build.0 = Release|Any CPU
	EndGlobalSection
	GlobalSection(SolutionProperties) = preSolution
		HideSolutionNode = FALSE
	EndGlobalSection
	GlobalSection(ExtensibilityGlobals) = postSolution
		SolutionGuid = {D330795C-8D52-4C7F-9356-11EC620418CA}
	EndGlobalSection
EndGlobal
